
Microsoft Visual Studio Solution File, Format Version 12.00
# Visual Studio 14
VisualStudioVersion = 14.0.25420.1
MinimumVisualStudioVersion = 10.0.40219.1
Project("{FAE04EC0-301F-11D3-BF4B-00C04F79EFBC}") = "project", "project\project.csproj", "{6A9EB530-876D-42B0-A689-0C91297FA683}"
EndProject
Project("{FAE04EC0-301F-11D3-BF4B-00C04F79EFBC}") = "LogicLayer", "DataConectionLayer\LogicLayer.csproj", "{560184E5-C480-4C7A-BE8D-0020FDF4FD1B}"
	ProjectSection(ProjectDependencies) = postProject
		{A1334D4C-CCC7-4674-9E20-D3C5DCA73B93} = {A1334D4C-CCC7-4674-9E20-D3C5DCA73B93}
	EndProjectSection
EndProject
Project("{FAE04EC0-301F-11D3-BF4B-00C04F79EFBC}") = "MarketClient", "marketClient-master\MarketClient\MarketClient.csproj", "{371E8EA8-CE7A-4AB2-85E5-EAC135DF4A26}"
EndProject
Project("{FAE04EC0-301F-11D3-BF4B-00C04F79EFBC}") = "gui", "gui\gui.csproj", "{BBC2C432-922F-4316-B9A5-9738D33E0CA8}"
EndProject
Project("{FAE04EC0-301F-11D3-BF4B-00C04F79EFBC}") = "Pilots", "Pilots\Pilots.csproj", "{0CC171CD-05EF-4597-A01F-073A8E9A58A1}"
EndProject
Project("{FAE04EC0-301F-11D3-BF4B-00C04F79EFBC}") = "MarketItems", "MarketItems\MarketItems.csproj", "{A1334D4C-CCC7-4674-9E20-D3C5DCA73B93}"
EndProject
Project("{FAE04EC0-301F-11D3-BF4B-00C04F79EFBC}") = "NunitTest", "NunitTest\NunitTest.csproj", "{98DAC8AB-C776-401E-9573-E2E05496902E}"
EndProject
Global
	GlobalSection(SolutionConfigurationPlatforms) = preSolution
		Ad-Hoc|Any CPU = Ad-Hoc|Any CPU
		Ad-Hoc|iPhone = Ad-Hoc|iPhone
		Ad-Hoc|iPhoneSimulator = Ad-Hoc|iPhoneSimulator
		AppStore|Any CPU = AppStore|Any CPU
		AppStore|iPhone = AppStore|iPhone
		AppStore|iPhoneSimulator = AppStore|iPhoneSimulator
		Debug|Any CPU = Debug|Any CPU
		Debug|iPhone = Debug|iPhone
		Debug|iPhoneSimulator = Debug|iPhoneSimulator
		Release|Any CPU = Release|Any CPU
		Release|iPhone = Release|iPhone
		Release|iPhoneSimulator = Release|iPhoneSimulator
	EndGlobalSection
	GlobalSection(ProjectConfigurationPlatforms) = postSolution
		{6A9EB530-876D-42B0-A689-0C91297FA683}.Ad-Hoc|Any CPU.ActiveCfg = Release|Any CPU
		{6A9EB530-876D-42B0-A689-0C91297FA683}.Ad-Hoc|Any CPU.Build.0 = Release|Any CPU
		{6A9EB530-876D-42B0-A689-0C91297FA683}.Ad-Hoc|iPhone.ActiveCfg = Release|Any CPU
		{6A9EB530-876D-42B0-A689-0C91297FA683}.Ad-Hoc|iPhone.Build.0 = Release|Any CPU
		{6A9EB530-876D-42B0-A689-0C91297FA683}.Ad-Hoc|iPhoneSimulator.ActiveCfg = Release|Any CPU
		{6A9EB530-876D-42B0-A689-0C91297FA683}.Ad-Hoc|iPhoneSimulator.Build.0 = Release|Any CPU
		{6A9EB530-876D-42B0-A689-0C91297FA683}.AppStore|Any CPU.ActiveCfg = Release|Any CPU
		{6A9EB530-876D-42B0-A689-0C91297FA683}.AppStore|Any CPU.Build.0 = Release|Any CPU
		{6A9EB530-876D-42B0-A689-0C91297FA683}.AppStore|iPhone.ActiveCfg = Release|Any CPU
		{6A9EB530-876D-42B0-A689-0C91297FA683}.AppStore|iPhone.Build.0 = Release|Any CPU
		{6A9EB530-876D-42B0-A689-0C91297FA683}.AppStore|iPhoneSimulator.ActiveCfg = Release|Any CPU
		{6A9EB530-876D-42B0-A689-0C91297FA683}.AppStore|iPhoneSimulator.Build.0 = Release|Any CPU
		{6A9EB530-876D-42B0-A689-0C91297FA683}.Debug|Any CPU.ActiveCfg = Debug|Any CPU
		{6A9EB530-876D-42B0-A689-0C91297FA683}.Debug|Any CPU.Build.0 = Debug|Any CPU
		{6A9EB530-876D-42B0-A689-0C91297FA683}.Debug|iPhone.ActiveCfg = Debug|Any CPU
		{6A9EB530-876D-42B0-A689-0C91297FA683}.Debug|iPhone.Build.0 = Debug|Any CPU
		{6A9EB530-876D-42B0-A689-0C91297FA683}.Debug|iPhoneSimulator.ActiveCfg = Debug|Any CPU
		{6A9EB530-876D-42B0-A689-0C91297FA683}.Debug|iPhoneSimulator.Build.0 = Debug|Any CPU
		{6A9EB530-876D-42B0-A689-0C91297FA683}.Release|Any CPU.ActiveCfg = Release|Any CPU
		{6A9EB530-876D-42B0-A689-0C91297FA683}.Release|Any CPU.Build.0 = Release|Any CPU
		{6A9EB530-876D-42B0-A689-0C91297FA683}.Release|iPhone.ActiveCfg = Release|Any CPU
		{6A9EB530-876D-42B0-A689-0C91297FA683}.Release|iPhone.Build.0 = Release|Any CPU
		{6A9EB530-876D-42B0-A689-0C91297FA683}.Release|iPhoneSimulator.ActiveCfg = Release|Any CPU
		{6A9EB530-876D-42B0-A689-0C91297FA683}.Release|iPhoneSimulator.Build.0 = Release|Any CPU
		{560184E5-C480-4C7A-BE8D-0020FDF4FD1B}.Ad-Hoc|Any CPU.ActiveCfg = Release|Any CPU
		{560184E5-C480-4C7A-BE8D-0020FDF4FD1B}.Ad-Hoc|Any CPU.Build.0 = Release|Any CPU
		{560184E5-C480-4C7A-BE8D-0020FDF4FD1B}.Ad-Hoc|iPhone.ActiveCfg = Release|Any CPU
		{560184E5-C480-4C7A-BE8D-0020FDF4FD1B}.Ad-Hoc|iPhone.Build.0 = Release|Any CPU
		{560184E5-C480-4C7A-BE8D-0020FDF4FD1B}.Ad-Hoc|iPhoneSimulator.ActiveCfg = Release|Any CPU
		{560184E5-C480-4C7A-BE8D-0020FDF4FD1B}.Ad-Hoc|iPhoneSimulator.Build.0 = Release|Any CPU
		{560184E5-C480-4C7A-BE8D-0020FDF4FD1B}.AppStore|Any CPU.ActiveCfg = Release|Any CPU
		{560184E5-C480-4C7A-BE8D-0020FDF4FD1B}.AppStore|Any CPU.Build.0 = Release|Any CPU
		{560184E5-C480-4C7A-BE8D-0020FDF4FD1B}.AppStore|iPhone.ActiveCfg = Release|Any CPU
		{560184E5-C480-4C7A-BE8D-0020FDF4FD1B}.AppStore|iPhone.Build.0 = Release|Any CPU
		{560184E5-C480-4C7A-BE8D-0020FDF4FD1B}.AppStore|iPhoneSimulator.ActiveCfg = Release|Any CPU
		{560184E5-C480-4C7A-BE8D-0020FDF4FD1B}.AppStore|iPhoneSimulator.Build.0 = Release|Any CPU
		{560184E5-C480-4C7A-BE8D-0020FDF4FD1B}.Debug|Any CPU.ActiveCfg = Debug|Any CPU
		{560184E5-C480-4C7A-BE8D-0020FDF4FD1B}.Debug|Any CPU.Build.0 = Debug|Any CPU
		{560184E5-C480-4C7A-BE8D-0020FDF4FD1B}.Debug|iPhone.ActiveCfg = Debug|Any CPU
		{560184E5-C480-4C7A-BE8D-0020FDF4FD1B}.Debug|iPhone.Build.0 = Debug|Any CPU
		{560184E5-C480-4C7A-BE8D-0020FDF4FD1B}.Debug|iPhoneSimulator.ActiveCfg = Debug|Any CPU
		{560184E5-C480-4C7A-BE8D-0020FDF4FD1B}.Debug|iPhoneSimulator.Build.0 = Debug|Any CPU
		{560184E5-C480-4C7A-BE8D-0020FDF4FD1B}.Release|Any CPU.ActiveCfg = Release|Any CPU
		{560184E5-C480-4C7A-BE8D-0020FDF4FD1B}.Release|Any CPU.Build.0 = Release|Any CPU
		{560184E5-C480-4C7A-BE8D-0020FDF4FD1B}.Release|iPhone.ActiveCfg = Release|Any CPU
		{560184E5-C480-4C7A-BE8D-0020FDF4FD1B}.Release|iPhone.Build.0 = Release|Any CPU
		{560184E5-C480-4C7A-BE8D-0020FDF4FD1B}.Release|iPhoneSimulator.ActiveCfg = Release|Any CPU
		{560184E5-C480-4C7A-BE8D-0020FDF4FD1B}.Release|iPhoneSimulator.Build.0 = Release|Any CPU
		{371E8EA8-CE7A-4AB2-85E5-EAC135DF4A26}.Ad-Hoc|Any CPU.ActiveCfg = Release|Any CPU
		{371E8EA8-CE7A-4AB2-85E5-EAC135DF4A26}.Ad-Hoc|Any CPU.Build.0 = Release|Any CPU
		{371E8EA8-CE7A-4AB2-85E5-EAC135DF4A26}.Ad-Hoc|iPhone.ActiveCfg = Release|Any CPU
		{371E8EA8-CE7A-4AB2-85E5-EAC135DF4A26}.Ad-Hoc|iPhone.Build.0 = Release|Any CPU
		{371E8EA8-CE7A-4AB2-85E5-EAC135DF4A26}.Ad-Hoc|iPhoneSimulator.ActiveCfg = Release|Any CPU
		{371E8EA8-CE7A-4AB2-85E5-EAC135DF4A26}.Ad-Hoc|iPhoneSimulator.Build.0 = Release|Any CPU
		{371E8EA8-CE7A-4AB2-85E5-EAC135DF4A26}.AppStore|Any CPU.ActiveCfg = Release|Any CPU
		{371E8EA8-CE7A-4AB2-85E5-EAC135DF4A26}.AppStore|Any CPU.Build.0 = Release|Any CPU
		{371E8EA8-CE7A-4AB2-85E5-EAC135DF4A26}.AppStore|iPhone.ActiveCfg = Release|Any CPU
		{371E8EA8-CE7A-4AB2-85E5-EAC135DF4A26}.AppStore|iPhone.Build.0 = Release|Any CPU
		{371E8EA8-CE7A-4AB2-85E5-EAC135DF4A26}.AppStore|iPhoneSimulator.ActiveCfg = Release|Any CPU
		{371E8EA8-CE7A-4AB2-85E5-EAC135DF4A26}.AppStore|iPhoneSimulator.Build.0 = Release|Any CPU
		{371E8EA8-CE7A-4AB2-85E5-EAC135DF4A26}.Debug|Any CPU.ActiveCfg = Debug|Any CPU
		{371E8EA8-CE7A-4AB2-85E5-EAC135DF4A26}.Debug|Any CPU.Build.0 = Debug|Any CPU
		{371E8EA8-CE7A-4AB2-85E5-EAC135DF4A26}.Debug|iPhone.ActiveCfg = Debug|Any CPU
		{371E8EA8-CE7A-4AB2-85E5-EAC135DF4A26}.Debug|iPhone.Build.0 = Debug|Any CPU
		{371E8EA8-CE7A-4AB2-85E5-EAC135DF4A26}.Debug|iPhoneSimulator.ActiveCfg = Debug|Any CPU
		{371E8EA8-CE7A-4AB2-85E5-EAC135DF4A26}.Debug|iPhoneSimulator.Build.0 = Debug|Any CPU
		{371E8EA8-CE7A-4AB2-85E5-EAC135DF4A26}.Release|Any CPU.ActiveCfg = Release|Any CPU
		{371E8EA8-CE7A-4AB2-85E5-EAC135DF4A26}.Release|Any CPU.Build.0 = Release|Any CPU
		{371E8EA8-CE7A-4AB2-85E5-EAC135DF4A26}.Release|iPhone.ActiveCfg = Release|Any CPU
		{371E8EA8-CE7A-4AB2-85E5-EAC135DF4A26}.Release|iPhone.Build.0 = Release|Any CPU
		{371E8EA8-CE7A-4AB2-85E5-EAC135DF4A26}.Release|iPhoneSimulator.ActiveCfg = Release|Any CPU
		{371E8EA8-CE7A-4AB2-85E5-EAC135DF4A26}.Release|iPhoneSimulator.Build.0 = Release|Any CPU
		{BBC2C432-922F-4316-B9A5-9738D33E0CA8}.Ad-Hoc|Any CPU.ActiveCfg = Release|Any CPU
		{BBC2C432-922F-4316-B9A5-9738D33E0CA8}.Ad-Hoc|Any CPU.Build.0 = Release|Any CPU
		{BBC2C432-922F-4316-B9A5-9738D33E0CA8}.Ad-Hoc|iPhone.ActiveCfg = Release|Any CPU
		{BBC2C432-922F-4316-B9A5-9738D33E0CA8}.Ad-Hoc|iPhone.Build.0 = Release|Any CPU
		{BBC2C432-922F-4316-B9A5-9738D33E0CA8}.Ad-Hoc|iPhoneSimulator.ActiveCfg = Release|Any CPU
		{BBC2C432-922F-4316-B9A5-9738D33E0CA8}.Ad-Hoc|iPhoneSimulator.Build.0 = Release|Any CPU
		{BBC2C432-922F-4316-B9A5-9738D33E0CA8}.AppStore|Any CPU.ActiveCfg = Release|Any CPU
		{BBC2C432-922F-4316-B9A5-9738D33E0CA8}.AppStore|Any CPU.Build.0 = Release|Any CPU
		{BBC2C432-922F-4316-B9A5-9738D33E0CA8}.AppStore|iPhone.ActiveCfg = Release|Any CPU
		{BBC2C432-922F-4316-B9A5-9738D33E0CA8}.AppStore|iPhone.Build.0 = Release|Any CPU
		{BBC2C432-922F-4316-B9A5-9738D33E0CA8}.AppStore|iPhoneSimulator.ActiveCfg = Release|Any CPU
		{BBC2C432-922F-4316-B9A5-9738D33E0CA8}.AppStore|iPhoneSimulator.Build.0 = Release|Any CPU
		{BBC2C432-922F-4316-B9A5-9738D33E0CA8}.Debug|Any CPU.ActiveCfg = Debug|Any CPU
		{BBC2C432-922F-4316-B9A5-9738D33E0CA8}.Debug|Any CPU.Build.0 = Debug|Any CPU
		{BBC2C432-922F-4316-B9A5-9738D33E0CA8}.Debug|iPhone.ActiveCfg = Debug|Any CPU
		{BBC2C432-922F-4316-B9A5-9738D33E0CA8}.Debug|iPhone.Build.0 = Debug|Any CPU
		{BBC2C432-922F-4316-B9A5-9738D33E0CA8}.Debug|iPhoneSimulator.ActiveCfg = Debug|Any CPU
		{BBC2C432-922F-4316-B9A5-9738D33E0CA8}.Debug|iPhoneSimulator.Build.0 = Debug|Any CPU
		{BBC2C432-922F-4316-B9A5-9738D33E0CA8}.Release|Any CPU.ActiveCfg = Release|Any CPU
		{BBC2C432-922F-4316-B9A5-9738D33E0CA8}.Release|Any CPU.Build.0 = Release|Any CPU
		{BBC2C432-922F-4316-B9A5-9738D33E0CA8}.Release|iPhone.ActiveCfg = Release|Any CPU
		{BBC2C432-922F-4316-B9A5-9738D33E0CA8}.Release|iPhone.Build.0 = Release|Any CPU
		{BBC2C432-922F-4316-B9A5-9738D33E0CA8}.Release|iPhoneSimulator.ActiveCfg = Release|Any CPU
		{BBC2C432-922F-4316-B9A5-9738D33E0CA8}.Release|iPhoneSimulator.Build.0 = Release|Any CPU
		{0CC171CD-05EF-4597-A01F-073A8E9A58A1}.Ad-Hoc|Any CPU.ActiveCfg = Release|Any CPU
		{0CC171CD-05EF-4597-A01F-073A8E9A58A1}.Ad-Hoc|Any CPU.Build.0 = Release|Any CPU
		{0CC171CD-05EF-4597-A01F-073A8E9A58A1}.Ad-Hoc|iPhone.ActiveCfg = Release|Any CPU
		{0CC171CD-05EF-4597-A01F-073A8E9A58A1}.Ad-Hoc|iPhone.Build.0 = Release|Any CPU
		{0CC171CD-05EF-4597-A01F-073A8E9A58A1}.Ad-Hoc|iPhoneSimulator.ActiveCfg = Release|Any CPU
		{0CC171CD-05EF-4597-A01F-073A8E9A58A1}.Ad-Hoc|iPhoneSimulator.Build.0 = Release|Any CPU
		{0CC171CD-05EF-4597-A01F-073A8E9A58A1}.AppStore|Any CPU.ActiveCfg = Release|Any CPU
		{0CC171CD-05EF-4597-A01F-073A8E9A58A1}.AppStore|Any CPU.Build.0 = Release|Any CPU
		{0CC171CD-05EF-4597-A01F-073A8E9A58A1}.AppStore|iPhone.ActiveCfg = Release|Any CPU
		{0CC171CD-05EF-4597-A01F-073A8E9A58A1}.AppStore|iPhone.Build.0 = Release|Any CPU
		{0CC171CD-05EF-4597-A01F-073A8E9A58A1}.AppStore|iPhoneSimulator.ActiveCfg = Release|Any CPU
		{0CC171CD-05EF-4597-A01F-073A8E9A58A1}.AppStore|iPhoneSimulator.Build.0 = Release|Any CPU
		{0CC171CD-05EF-4597-A01F-073A8E9A58A1}.Debug|Any CPU.ActiveCfg = Debug|Any CPU
		{0CC171CD-05EF-4597-A01F-073A8E9A58A1}.Debug|Any CPU.Build.0 = Debug|Any CPU
		{0CC171CD-05EF-4597-A01F-073A8E9A58A1}.Debug|iPhone.ActiveCfg = Debug|Any CPU
		{0CC171CD-05EF-4597-A01F-073A8E9A58A1}.Debug|iPhone.Build.0 = Debug|Any CPU
		{0CC171CD-05EF-4597-A01F-073A8E9A58A1}.Debug|iPhoneSimulator.ActiveCfg = Debug|Any CPU
		{0CC171CD-05EF-4597-A01F-073A8E9A58A1}.Debug|iPhoneSimulator.Build.0 = Debug|Any CPU
		{0CC171CD-05EF-4597-A01F-073A8E9A58A1}.Release|Any CPU.ActiveCfg = Release|Any CPU
		{0CC171CD-05EF-4597-A01F-073A8E9A58A1}.Release|Any CPU.Build.0 = Release|Any CPU
		{0CC171CD-05EF-4597-A01F-073A8E9A58A1}.Release|iPhone.ActiveCfg = Release|Any CPU
		{0CC171CD-05EF-4597-A01F-073A8E9A58A1}.Release|iPhone.Build.0 = Release|Any CPU
		{0CC171CD-05EF-4597-A01F-073A8E9A58A1}.Release|iPhoneSimulator.ActiveCfg = Release|Any CPU
		{0CC171CD-05EF-4597-A01F-073A8E9A58A1}.Release|iPhoneSimulator.Build.0 = Release|Any CPU
		{A1334D4C-CCC7-4674-9E20-D3C5DCA73B93}.Ad-Hoc|Any CPU.ActiveCfg = Release|Any CPU
		{A1334D4C-CCC7-4674-9E20-D3C5DCA73B93}.Ad-Hoc|Any CPU.Build.0 = Release|Any CPU
		{A1334D4C-CCC7-4674-9E20-D3C5DCA73B93}.Ad-Hoc|iPhone.ActiveCfg = Release|Any CPU
		{A1334D4C-CCC7-4674-9E20-D3C5DCA73B93}.Ad-Hoc|iPhone.Build.0 = Release|Any CPU
		{A1334D4C-CCC7-4674-9E20-D3C5DCA73B93}.Ad-Hoc|iPhoneSimulator.ActiveCfg = Release|Any CPU
		{A1334D4C-CCC7-4674-9E20-D3C5DCA73B93}.Ad-Hoc|iPhoneSimulator.Build.0 = Release|Any CPU
		{A1334D4C-CCC7-4674-9E20-D3C5DCA73B93}.AppStore|Any CPU.ActiveCfg = Release|Any CPU
		{A1334D4C-CCC7-4674-9E20-D3C5DCA73B93}.AppStore|Any CPU.Build.0 = Release|Any CPU
		{A1334D4C-CCC7-4674-9E20-D3C5DCA73B93}.AppStore|iPhone.ActiveCfg = Release|Any CPU
		{A1334D4C-CCC7-4674-9E20-D3C5DCA73B93}.AppStore|iPhone.Build.0 = Release|Any CPU
		{A1334D4C-CCC7-4674-9E20-D3C5DCA73B93}.AppStore|iPhoneSimulator.ActiveCfg = Release|Any CPU
		{A1334D4C-CCC7-4674-9E20-D3C5DCA73B93}.AppStore|iPhoneSimulator.Build.0 = Release|Any CPU
		{A1334D4C-CCC7-4674-9E20-D3C5DCA73B93}.Debug|Any CPU.ActiveCfg = Debug|Any CPU
		{A1334D4C-CCC7-4674-9E20-D3C5DCA73B93}.Debug|Any CPU.Build.0 = Debug|Any CPU
		{A1334D4C-CCC7-4674-9E20-D3C5DCA73B93}.Debug|iPhone.ActiveCfg = Debug|Any CPU
		{A1334D4C-CCC7-4674-9E20-D3C5DCA73B93}.Debug|iPhone.Build.0 = Debug|Any CPU
		{A1334D4C-CCC7-4674-9E20-D3C5DCA73B93}.Debug|iPhoneSimulator.ActiveCfg = Debug|Any CPU
		{A1334D4C-CCC7-4674-9E20-D3C5DCA73B93}.Debug|iPhoneSimulator.Build.0 = Debug|Any CPU
		{A1334D4C-CCC7-4674-9E20-D3C5DCA73B93}.Release|Any CPU.ActiveCfg = Release|Any CPU
		{A1334D4C-CCC7-4674-9E20-D3C5DCA73B93}.Release|Any CPU.Build.0 = Release|Any CPU
		{A1334D4C-CCC7-4674-9E20-D3C5DCA73B93}.Release|iPhone.ActiveCfg = Release|Any CPU
		{A1334D4C-CCC7-4674-9E20-D3C5DCA73B93}.Release|iPhone.Build.0 = Release|Any CPU
		{A1334D4C-CCC7-4674-9E20-D3C5DCA73B93}.Release|iPhoneSimulator.ActiveCfg = Release|Any CPU
		{A1334D4C-CCC7-4674-9E20-D3C5DCA73B93}.Release|iPhoneSimulator.Build.0 = Release|Any CPU
		{98DAC8AB-C776-401E-9573-E2E05496902E}.Ad-Hoc|Any CPU.ActiveCfg = Release|Any CPU
		{98DAC8AB-C776-401E-9573-E2E05496902E}.Ad-Hoc|Any CPU.Build.0 = Release|Any CPU
		{98DAC8AB-C776-401E-9573-E2E05496902E}.Ad-Hoc|iPhone.ActiveCfg = Release|Any CPU
		{98DAC8AB-C776-401E-9573-E2E05496902E}.Ad-Hoc|iPhone.Build.0 = Release|Any CPU
		{98DAC8AB-C776-401E-9573-E2E05496902E}.Ad-Hoc|iPhoneSimulator.ActiveCfg = Release|Any CPU
		{98DAC8AB-C776-401E-9573-E2E05496902E}.Ad-Hoc|iPhoneSimulator.Build.0 = Release|Any CPU
		{98DAC8AB-C776-401E-9573-E2E05496902E}.AppStore|Any CPU.ActiveCfg = Release|Any CPU
		{98DAC8AB-C776-401E-9573-E2E05496902E}.AppStore|Any CPU.Build.0 = Release|Any CPU
		{98DAC8AB-C776-401E-9573-E2E05496902E}.AppStore|iPhone.ActiveCfg = Release|Any CPU
		{98DAC8AB-C776-401E-9573-E2E05496902E}.AppStore|iPhone.Build.0 = Release|Any CPU
		{98DAC8AB-C776-401E-9573-E2E05496902E}.AppStore|iPhoneSimulator.ActiveCfg = Release|Any CPU
		{98DAC8AB-C776-401E-9573-E2E05496902E}.AppStore|iPhoneSimulator.Build.0 = Release|Any CPU
		{98DAC8AB-C776-401E-9573-E2E05496902E}.Debug|Any CPU.ActiveCfg = Debug|Any CPU
		{98DAC8AB-C776-401E-9573-E2E05496902E}.Debug|Any CPU.Build.0 = Debug|Any CPU
		{98DAC8AB-C776-401E-9573-E2E05496902E}.Debug|iPhone.ActiveCfg = Debug|Any CPU
		{98DAC8AB-C776-401E-9573-E2E05496902E}.Debug|iPhone.Build.0 = Debug|Any CPU
		{98DAC8AB-C776-401E-9573-E2E05496902E}.Debug|iPhoneSimulator.ActiveCfg = Debug|Any CPU
		{98DAC8AB-C776-401E-9573-E2E05496902E}.Debug|iPhoneSimulator.Build.0 = Debug|Any CPU
		{98DAC8AB-C776-401E-9573-E2E05496902E}.Release|Any CPU.ActiveCfg = Release|Any CPU
		{98DAC8AB-C776-401E-9573-E2E05496902E}.Release|Any CPU.Build.0 = Release|Any CPU
		{98DAC8AB-C776-401E-9573-E2E05496902E}.Release|iPhone.ActiveCfg = Release|Any CPU
		{98DAC8AB-C776-401E-9573-E2E05496902E}.Release|iPhone.Build.0 = Release|Any CPU
		{98DAC8AB-C776-401E-9573-E2E05496902E}.Release|iPhoneSimulator.ActiveCfg = Release|Any CPU
		{98DAC8AB-C776-401E-9573-E2E05496902E}.Release|iPhoneSimulator.Build.0 = Release|Any CPU
	EndGlobalSection
	GlobalSection(SolutionProperties) = preSolution
		HideSolutionNode = FALSE
	EndGlobalSection
EndGlobal
