
Microsoft Visual Studio Solution File, Format Version 12.00
# Visual Studio 14
VisualStudioVersion = 14.0.25420.1
MinimumVisualStudioVersion = 10.0.40219.1
Project("{FAE04EC0-301F-11D3-BF4B-00C04F79EFBC}") = "project", "project\project.csproj", "{6A9EB530-876D-42B0-A689-0C91297FA683}"
EndProject
Project("{FAE04EC0-301F-11D3-BF4B-00C04F79EFBC}") = "DL", "DL\DL.csproj", "{9D566732-9BF3-4F22-A7D9-F1E0591E20CF}"
EndProject
Global
	GlobalSection(SolutionConfigurationPlatforms) = preSolution
		Debug|Any CPU = Debug|Any CPU
		Release|Any CPU = Release|Any CPU
	EndGlobalSection
	GlobalSection(ProjectConfigurationPlatforms) = postSolution
		{6A9EB530-876D-42B0-A689-0C91297FA683}.Debug|Any CPU.ActiveCfg = Debug|Any CPU
		{6A9EB530-876D-42B0-A689-0C91297FA683}.Debug|Any CPU.Build.0 = Debug|Any CPU
		{6A9EB530-876D-42B0-A689-0C91297FA683}.Release|Any CPU.ActiveCfg = Release|Any CPU
		{6A9EB530-876D-42B0-A689-0C91297FA683}.Release|Any CPU.Build.0 = Release|Any CPU
		{9D566732-9BF3-4F22-A7D9-F1E0591E20CF}.Debug|Any CPU.ActiveCfg = Debug|Any CPU
		{9D566732-9BF3-4F22-A7D9-F1E0591E20CF}.Debug|Any CPU.Build.0 = Debug|Any CPU
		{9D566732-9BF3-4F22-A7D9-F1E0591E20CF}.Release|Any CPU.ActiveCfg = Release|Any CPU
		{9D566732-9BF3-4F22-A7D9-F1E0591E20CF}.Release|Any CPU.Build.0 = Release|Any CPU
	EndGlobalSection
	GlobalSection(SolutionProperties) = preSolution
		HideSolutionNode = FALSE
	EndGlobalSection
EndGlobal
