
Microsoft Visual Studio Solution File, Format Version 12.00
# Visual Studio 14
VisualStudioVersion = 14.0.25420.1
MinimumVisualStudioVersion = 10.0.40219.1
Project("{FAE04EC0-301F-11D3-BF4B-00C04F79EFBC}") = "project", "project\project.csproj", "{6A9EB530-876D-42B0-A689-0C91297FA683}"
	ProjectSection(ProjectDependencies) = postProject
		{0CC171CD-05EF-4597-A01F-073A8E9A58A1} = {0CC171CD-05EF-4597-A01F-073A8E9A58A1}
	EndProjectSection
EndProject
Project("{FAE04EC0-301F-11D3-BF4B-00C04F79EFBC}") = "LogicLayer", "DataConectionLayer\LogicLayer.csproj", "{560184E5-C480-4C7A-BE8D-0020FDF4FD1B}"
EndProject
Project("{FAE04EC0-301F-11D3-BF4B-00C04F79EFBC}") = "MarketClient", "marketClient-master\MarketClient\MarketClient.csproj", "{371E8EA8-CE7A-4AB2-85E5-EAC135DF4A26}"
EndProject
Project("{FAE04EC0-301F-11D3-BF4B-00C04F79EFBC}") = "gui", "gui\gui.csproj", "{BBC2C432-922F-4316-B9A5-9738D33E0CA8}"
EndProject
Project("{FAE04EC0-301F-11D3-BF4B-00C04F79EFBC}") = "NUnitTestProject1", "NUnitTestProject1\NUnitTestProject1.csproj", "{067456C0-086C-46A8-B37F-1405717B7BFC}"
EndProject
Project("{FAE04EC0-301F-11D3-BF4B-00C04F79EFBC}") = "Pilots", "Pilots\Pilots.csproj", "{0CC171CD-05EF-4597-A01F-073A8E9A58A1}"
EndProject
Project("{FAE04EC0-301F-11D3-BF4B-00C04F79EFBC}") = "MarketItems", "MarketItems\MarketItems.csproj", "{A1334D4C-CCC7-4674-9E20-D3C5DCA73B93}"
EndProject
Global
	GlobalSection(SolutionConfigurationPlatforms) = preSolution
		Debug|Any CPU = Debug|Any CPU
		Release|Any CPU = Release|Any CPU
	EndGlobalSection
	GlobalSection(ProjectConfigurationPlatforms) = postSolution
		{6A9EB530-876D-42B0-A689-0C91297FA683}.Debug|Any CPU.ActiveCfg = Debug|Any CPU
		{6A9EB530-876D-42B0-A689-0C91297FA683}.Debug|Any CPU.Build.0 = Debug|Any CPU
		{6A9EB530-876D-42B0-A689-0C91297FA683}.Release|Any CPU.ActiveCfg = Release|Any CPU
		{6A9EB530-876D-42B0-A689-0C91297FA683}.Release|Any CPU.Build.0 = Release|Any CPU
		{560184E5-C480-4C7A-BE8D-0020FDF4FD1B}.Debug|Any CPU.ActiveCfg = Debug|Any CPU
		{560184E5-C480-4C7A-BE8D-0020FDF4FD1B}.Debug|Any CPU.Build.0 = Debug|Any CPU
		{560184E5-C480-4C7A-BE8D-0020FDF4FD1B}.Release|Any CPU.ActiveCfg = Release|Any CPU
		{560184E5-C480-4C7A-BE8D-0020FDF4FD1B}.Release|Any CPU.Build.0 = Release|Any CPU
		{371E8EA8-CE7A-4AB2-85E5-EAC135DF4A26}.Debug|Any CPU.ActiveCfg = Debug|Any CPU
		{371E8EA8-CE7A-4AB2-85E5-EAC135DF4A26}.Debug|Any CPU.Build.0 = Debug|Any CPU
		{371E8EA8-CE7A-4AB2-85E5-EAC135DF4A26}.Release|Any CPU.ActiveCfg = Release|Any CPU
		{371E8EA8-CE7A-4AB2-85E5-EAC135DF4A26}.Release|Any CPU.Build.0 = Release|Any CPU
		{BBC2C432-922F-4316-B9A5-9738D33E0CA8}.Debug|Any CPU.ActiveCfg = Debug|Any CPU
		{BBC2C432-922F-4316-B9A5-9738D33E0CA8}.Debug|Any CPU.Build.0 = Debug|Any CPU
		{BBC2C432-922F-4316-B9A5-9738D33E0CA8}.Release|Any CPU.ActiveCfg = Release|Any CPU
		{BBC2C432-922F-4316-B9A5-9738D33E0CA8}.Release|Any CPU.Build.0 = Release|Any CPU
		{067456C0-086C-46A8-B37F-1405717B7BFC}.Debug|Any CPU.ActiveCfg = Debug|Any CPU
		{067456C0-086C-46A8-B37F-1405717B7BFC}.Debug|Any CPU.Build.0 = Debug|Any CPU
		{067456C0-086C-46A8-B37F-1405717B7BFC}.Release|Any CPU.ActiveCfg = Release|Any CPU
		{067456C0-086C-46A8-B37F-1405717B7BFC}.Release|Any CPU.Build.0 = Release|Any CPU
		{0CC171CD-05EF-4597-A01F-073A8E9A58A1}.Debug|Any CPU.ActiveCfg = Debug|Any CPU
		{0CC171CD-05EF-4597-A01F-073A8E9A58A1}.Debug|Any CPU.Build.0 = Debug|Any CPU
		{0CC171CD-05EF-4597-A01F-073A8E9A58A1}.Release|Any CPU.ActiveCfg = Release|Any CPU
		{0CC171CD-05EF-4597-A01F-073A8E9A58A1}.Release|Any CPU.Build.0 = Release|Any CPU
		{A1334D4C-CCC7-4674-9E20-D3C5DCA73B93}.Debug|Any CPU.ActiveCfg = Debug|Any CPU
		{A1334D4C-CCC7-4674-9E20-D3C5DCA73B93}.Debug|Any CPU.Build.0 = Debug|Any CPU
		{A1334D4C-CCC7-4674-9E20-D3C5DCA73B93}.Release|Any CPU.ActiveCfg = Release|Any CPU
		{A1334D4C-CCC7-4674-9E20-D3C5DCA73B93}.Release|Any CPU.Build.0 = Release|Any CPU
	EndGlobalSection
	GlobalSection(SolutionProperties) = preSolution
		HideSolutionNode = FALSE
	EndGlobalSection
EndGlobal
